// !$*UTF8*$!
{
	archiveVersion = 1;
	classes = {
	};
	objectVersion = 55;
	objects = {

/* Begin PBXBuildFile section */
		0A1B2C3D4A5F4D2E00B7C4F1 /* KeyboardViewController.swift in Sources */ = {isa = PBXBuildFile; fileRef = 0A1B2C3C4A5F4D2E00B7C4F1 /* KeyboardViewController.swift */; };
/* End PBXBuildFile section */

/* Begin PBXFileReference section */
		0A1B2C3C4A5F4D2E00B7C4F1 /* KeyboardViewController.swift */ = {isa = PBXFileReference; lastKnownFileType = sourcecode.swift; path = KeyboardViewController.swift; sourceTree = "<group>"; };
		0A1B2C404A5F4D2E00B7C4F1 /* KeyboardExtension.appex */ = {isa = PBXFileReference; explicitFileType = "wrapper.app-extension"; includeInIndex = 0; path = KeyboardExtension.appex; sourceTree = BUILT_PRODUCTS_DIR; };
		0A1B2C424A5F4D2E00B7C4F1 /* Info.plist */ = {isa = PBXFileReference; lastKnownFileType = text.plist.xml; path = Info.plist; sourceTree = "<group>"; };
/* End PBXFileReference section */

/* Begin PBXFrameworksBuildPhase section */
		0A1B2C3B4A5F4D2E00B7C4F1 /* Frameworks */ = {
			isa = PBXFrameworksBuildPhase;
			buildActionMask = 2147483647;
			files = (
			);
			runOnlyForDeploymentPostprocessing = 0;
		};
/* End PBXFrameworksBuildPhase section */

/* Begin PBXGroup section */
		0A1B2C354A5F4D2E00B7C4F1 = {
			isa = PBXGroup;
			children = (
				0A1B2C414A5F4D2E00B7C4F1 /* KeyboardExtension */,
				0A1B2C3A4A5F4D2E00B7C4F1 /* Products */,
			);
			sourceTree = "<group>";
		};
		0A1B2C3A4A5F4D2E00B7C4F1 /* Products */ = {
			isa = PBXGroup;
			children = (
				0A1B2C3F4A5F4D2E00B7C4F1 /* KeyboardExtension.appex */,
			);
			name = Products;
			sourceTree = "<group>";
		};
		0A1B2C414A5F4D2E00B7C4F1 /* KeyboardExtension */ = {
			isa = PBXGroup;
			children = (
				0A1B2C3C4A5F4D2E00B7C4F1 /* KeyboardViewController.swift */,
				0A1B2C424A5F4D2E00B7C4F1 /* Info.plist */,
			);
			path = KeyboardExtension;
			sourceTree = "<group>";
		};
/* End PBXGroup section */

/* Begin PBXNativeTarget section */
		0A1B2C3E4A5F4D2E00B7C4F1 /* KeyboardExtension */ = {
			isa = PBXNativeTarget;
			buildConfigurationList = 0A1B2C454A5F4D2E00B7C4F1 /* Build configuration list for PBXNativeTarget "KeyboardExtension" */;
			buildPhases = (
				0A1B2C3B4A5F4D2E00B7C4F1 /* Frameworks */,
				0A1B2C3C4A5F4D2E00B7C4F1 /* Sources */,
			);
			buildRules = (
			);
			dependencies = (
			);
			name = KeyboardExtension;
			productName = KeyboardExtension;
			productReference = 0A1B2C3F4A5F4D2E00B7C4F1 /* KeyboardExtension.appex */;
			productType = "com.apple.product-type.app-extension";
		};
/* End PBXNativeTarget section */

/* Begin PBXProject section */
		0A1B2C364A5F4D2E00B7C4F1 /* Project object */ = {
			isa = PBXProject;
			attributes = {
				LastSwiftUpdateCheck = 1500;
				LastUpgradeCheck = 1500;
				TargetAttributes = {
					0A1B2C3E4A5F4D2E00B7C4F1 = {
						CreatedOnToolsVersion = 15.0;
					};
				};
			};
			buildConfigurationList = 0A1B2C394A5F4D2E00B7C4F1 /* Build configuration list for PBXProject "KeyboardExtension" */;
			compatibilityVersion = "Xcode 15.0";
			developmentRegion = en;
			hasScannedForEncodings = 0;
			knownRegions = (
				en,
				Base,
			);
			mainGroup = 0A1B2C354A5F4D2E00B7C4F1;
			productRefGroup = 0A1B2C3A4A5F4D2E00B7C4F1 /* Products */;
			projectDirPath = "";
			projectRoot = "";
			targets = (
				0A1B2C3E4A5F4D2E00B7C4F1 /* KeyboardExtension */,
			);
		};
/* End PBXProject section */

/* Begin PBXSourcesBuildPhase section */
		0A1B2C3C4A5F4D2E00B7C4F1 /* Sources */ = {
			isa = PBXSourcesBuildPhase;
			buildActionMask = 2147483647;
			files = (
				0A1B2C3D4A5F4D2E00B7C4F1 /* KeyboardViewController.swift in Sources */,
			);
			runOnlyForDeploymentPostprocessing = 0;
		};
/* End PBXSourcesBuildPhase section */

/* Begin XCBuildConfiguration section */
		0A1B2C434A5F4D2E00B7C4F1 /* Debug */ = {
			isa = XCBuildConfiguration;
			buildSettings = {
				CLANG_ENABLE_MODULES = YES;
				CODE_SIGNING_ALLOWED = NO;
				CODE_SIGN_IDENTITY = "";
				DEBUG_INFORMATION_FORMAT = dwarf;
				DEFINES_MODULE = YES;
				DEVELOPMENT_TEAM = "";
				DYLIB_COMPATIBILITY_VERSION = 1;
				DYLIB_CURRENT_VERSION = 1;
				DYLIB_INSTALL_NAME_BASE = "@rpath";
				INFOPLIST_FILE = KeyboardExtension/Info.plist;
				INSTALL_PATH = "$(LOCAL_APPS_DIR)";
				IPHONEOS_DEPLOYMENT_TARGET = 17.0;
				LD_RUNPATH_SEARCH_PATHS = (
					"$(inherited)",
					"@executable_path/Frameworks",
					"@loader_path/Frameworks",
				);
				PRODUCT_BUNDLE_IDENTIFIER = "com.yourname.KeyboardExtension";
				PRODUCT_NAME = "$(TARGET_NAME)";
				SKIP_INSTALL = YES;
				SWIFT_OPTIMIZATION_LEVEL = "-Onone";
				SWIFT_VERSION = 5.0;
				TARGETED_DEVICE_FAMILY = "1,2";
			};
			name = Debug;
		};
		0A1B2C444A5F4D2E00B7C4F1 /* Release */ = {
			isa = XCBuildConfiguration;
			buildSettings = {
				CLANG_ENABLE_MODULES = YES;
				CODE_SIGNING_ALLOWED = NO;
				CODE_SIGN_IDENTITY = "";
				DEFINES_MODULE = YES;
				DEVELOPMENT_TEAM = "";
				DYLIB_COMPATIBILITY_VERSION = 1;
				DYLIB_CURRENT_VERSION = 1;
				DYLIB_INSTALL_NAME_BASE = "@rpath";
				INFOPLIST_FILE = KeyboardExtension/Info.plist;
				INSTALL_PATH = "$(LOCAL_APPS_DIR)";
				IPHONEOS_DEPLOYMENT_TARGET = 17.0;
				LD_RUNPATH_SEARCH_PATHS = (
					"$(inherited)",
					"@executable_path/Frameworks",
					"@loader_path/Frameworks",
				);
				PRODUCT_BUNDLE_IDENTIFIER = "com.yourname.KeyboardExtension";
				PRODUCT_NAME = "$(TARGET_NAME)";
				SKIP_INSTALL = YES;
				SWIFT_VERSION = 5.0;
				TARGETED_DEVICE_FAMILY = "1,2";
			};
			name = Release;
		};
/* End XCBuildConfiguration section */

/* Begin XCConfigurationList section */
		0A1B2C394A5F4D2E00B7C4F1 /* Build configuration list for PBXProject "KeyboardExtension" */ = {
			isa = XCConfigurationList;
			buildConfigurations = (
				0A1B2C434A5F4D2E00B7C4F1 /* Debug */,
				0A1B2C444A5F4D2E00B7C4F1 /* Release */,
			);
			defaultConfigurationIsVisible = 0;
			defaultConfigurationName = Release;
		};
		0A1B2C454A5F4D2E00B7C4F1 /* Build configuration list for PBXNativeTarget "KeyboardExtension" */ = {
			isa = XCConfigurationList;
			buildConfigurations = (
				0A1B2C434A5F4D2E00B7C4F1 /* Debug */,
				0A1B2C444A5F4D2E00B7C4F1 /* Release */,
			);
			defaultConfigurationIsVisible = 0;
			defaultConfigurationName = Release;
		};
/* End XCConfigurationList section */
	};
	rootObject = 0A1B2C364A5F4D2E00B7C4F1 /* Project object */;
}
